
Microsoft Visual Studio Solution File, Format Version 12.00
# Visual Studio Version 17
VisualStudioVersion = 17.5.002.0
MinimumVisualStudioVersion = 10.0.40219.1
Project("{9A19103F-16F7-4668-BE54-9A1E7A4F7556}") = "PizzaStore", "PizzaStore\PizzaStore.csproj", "{DEEA8B67-17DD-406B-B2E6-B99EF367E3DF}"
EndProject
Global
	GlobalSection(SolutionConfigurationPlatforms) = preSolution
		Debug|Any CPU = Debug|Any CPU
		Release|Any CPU = Release|Any CPU
	EndGlobalSection
	GlobalSection(ProjectConfigurationPlatforms) = postSolution
		{DEEA8B67-17DD-406B-B2E6-B99EF367E3DF}.Debug|Any CPU.ActiveCfg = Debug|Any CPU
		{DEEA8B67-17DD-406B-B2E6-B99EF367E3DF}.Debug|Any CPU.Build.0 = Debug|Any CPU
		{DEEA8B67-17DD-406B-B2E6-B99EF367E3DF}.Release|Any CPU.ActiveCfg = Release|Any CPU
		{DEEA8B67-17DD-406B-B2E6-B99EF367E3DF}.Release|Any CPU.Build.0 = Release|Any CPU
	EndGlobalSection
	GlobalSection(SolutionProperties) = preSolution
		HideSolutionNode = FALSE
	EndGlobalSection
	GlobalSection(ExtensibilityGlobals) = postSolution
		SolutionGuid = {0F7F268F-D196-4220-8CE8-4629F0FFF016}
	EndGlobalSection
EndGlobal
